// !$*UTF8*$!
{
	archiveVersion = 1;
	classes = {
	};
	objectVersion = 46;
	objects = {

/* Begin PBXBuildFile section */
		965FD3961C6A8765000899AD /* main.c in Sources */ = {isa = PBXBuildFile; fileRef = 965FD3951C6A8765000899AD /* main.c */; };
		965FD39E1C6A87B0000899AD /* my402list.c in Sources */ = {isa = PBXBuildFile; fileRef = 965FD39C1C6A87B0000899AD /* my402list.c */; };
/* End PBXBuildFile section */

/* Begin PBXCopyFilesBuildPhase section */
		965FD3901C6A8765000899AD /* CopyFiles */ = {
			isa = PBXCopyFilesBuildPhase;
			buildActionMask = 2147483647;
			dstPath = /usr/share/man/man1/;
			dstSubfolderSpec = 0;
			files = (
			);
			runOnlyForDeploymentPostprocessing = 1;
		};
/* End PBXCopyFilesBuildPhase section */

/* Begin PBXFileReference section */
		965FD3921C6A8765000899AD /* CS402Warmup2 */ = {isa = PBXFileReference; explicitFileType = "compiled.mach-o.executable"; includeInIndex = 0; path = CS402Warmup2; sourceTree = BUILT_PRODUCTS_DIR; };
		965FD3951C6A8765000899AD /* main.c */ = {isa = PBXFileReference; lastKnownFileType = sourcecode.c.c; path = main.c; sourceTree = "<group>"; };
		965FD39C1C6A87B0000899AD /* my402list.c */ = {isa = PBXFileReference; fileEncoding = 4; lastKnownFileType = sourcecode.c.c; path = my402list.c; sourceTree = "<group>"; };
		965FD39D1C6A87B0000899AD /* my402list.h */ = {isa = PBXFileReference; fileEncoding = 4; lastKnownFileType = sourcecode.c.h; path = my402list.h; sourceTree = "<group>"; };
/* End PBXFileReference section */

/* Begin PBXFrameworksBuildPhase section */
		965FD38F1C6A8765000899AD /* Frameworks */ = {
			isa = PBXFrameworksBuildPhase;
			buildActionMask = 2147483647;
			files = (
			);
			runOnlyForDeploymentPostprocessing = 0;
		};
/* End PBXFrameworksBuildPhase section */

/* Begin PBXGroup section */
		965FD3891C6A8765000899AD = {
			isa = PBXGroup;
			children = (
				965FD3941C6A8765000899AD /* CS402Warmup2 */,
				965FD3931C6A8765000899AD /* Products */,
			);
			sourceTree = "<group>";
		};
		965FD3931C6A8765000899AD /* Products */ = {
			isa = PBXGroup;
			children = (
				965FD3921C6A8765000899AD /* CS402Warmup2 */,
			);
			name = Products;
			sourceTree = "<group>";
		};
		965FD3941C6A8765000899AD /* CS402Warmup2 */ = {
			isa = PBXGroup;
			children = (
				965FD39C1C6A87B0000899AD /* my402list.c */,
				965FD39D1C6A87B0000899AD /* my402list.h */,
				965FD3951C6A8765000899AD /* main.c */,
			);
			path = CS402Warmup2;
			sourceTree = "<group>";
		};
/* End PBXGroup section */

/* Begin PBXNativeTarget section */
		965FD3911C6A8765000899AD /* CS402Warmup2 */ = {
			isa = PBXNativeTarget;
			buildConfigurationList = 965FD3991C6A8765000899AD /* Build configuration list for PBXNativeTarget "CS402Warmup2" */;
			buildPhases = (
				965FD38E1C6A8765000899AD /* Sources */,
				965FD38F1C6A8765000899AD /* Frameworks */,
				965FD3901C6A8765000899AD /* CopyFiles */,
			);
			buildRules = (
			);
			dependencies = (
			);
			name = CS402Warmup2;
			productName = CS402Warmup2;
			productReference = 965FD3921C6A8765000899AD /* CS402Warmup2 */;
			productType = "com.apple.product-type.tool";
		};
/* End PBXNativeTarget section */

/* Begin PBXProject section */
		965FD38A1C6A8765000899AD /* Project object */ = {
			isa = PBXProject;
			attributes = {
				LastUpgradeCheck = 0720;
				ORGANIZATIONNAME = "Gaurav Nijhara";
				TargetAttributes = {
					965FD3911C6A8765000899AD = {
						CreatedOnToolsVersion = 7.2.1;
					};
				};
			};
			buildConfigurationList = 965FD38D1C6A8765000899AD /* Build configuration list for PBXProject "CS402Warmup2" */;
			compatibilityVersion = "Xcode 3.2";
			developmentRegion = English;
			hasScannedForEncodings = 0;
			knownRegions = (
				en,
			);
			mainGroup = 965FD3891C6A8765000899AD;
			productRefGroup = 965FD3931C6A8765000899AD /* Products */;
			projectDirPath = "";
			projectRoot = "";
			targets = (
				965FD3911C6A8765000899AD /* CS402Warmup2 */,
			);
		};
/* End PBXProject section */

/* Begin PBXSourcesBuildPhase section */
		965FD38E1C6A8765000899AD /* Sources */ = {
			isa = PBXSourcesBuildPhase;
			buildActionMask = 2147483647;
			files = (
				965FD39E1C6A87B0000899AD /* my402list.c in Sources */,
				965FD3961C6A8765000899AD /* main.c in Sources */,
			);
			runOnlyForDeploymentPostprocessing = 0;
		};
/* End PBXSourcesBuildPhase section */

/* Begin XCBuildConfiguration section */
		965FD3971C6A8765000899AD /* Debug */ = {
			isa = XCBuildConfiguration;
			buildSettings = {
				ALWAYS_SEARCH_USER_PATHS = NO;
				CLANG_CXX_LANGUAGE_STANDARD = "gnu++0x";
				CLANG_CXX_LIBRARY = "libc++";
				CLANG_ENABLE_MODULES = YES;
				CLANG_ENABLE_OBJC_ARC = YES;
				CLANG_WARN_BOOL_CONVERSION = YES;
				CLANG_WARN_CONSTANT_CONVERSION = YES;
				CLANG_WARN_DIRECT_OBJC_ISA_USAGE = YES_ERROR;
				CLANG_WARN_EMPTY_BODY = YES;
				CLANG_WARN_ENUM_CONVERSION = YES;
				CLANG_WARN_INT_CONVERSION = YES;
				CLANG_WARN_OBJC_ROOT_CLASS = YES_ERROR;
				CLANG_WARN_UNREACHABLE_CODE = YES;
				CLANG_WARN__DUPLICATE_METHOD_MATCH = YES;
				CODE_SIGN_IDENTITY = "-";
				COPY_PHASE_STRIP = NO;
				DEBUG_INFORMATION_FORMAT = dwarf;
				ENABLE_STRICT_OBJC_MSGSEND = YES;
				ENABLE_TESTABILITY = YES;
				GCC_C_LANGUAGE_STANDARD = gnu99;
				GCC_DYNAMIC_NO_PIC = NO;
				GCC_NO_COMMON_BLOCKS = YES;
				GCC_OPTIMIZATION_LEVEL = 0;
				GCC_PREPROCESSOR_DEFINITIONS = (
					"DEBUG=1",
					"$(inherited)",
				);
				GCC_WARN_64_TO_32_BIT_CONVERSION = YES;
				GCC_WARN_ABOUT_RETURN_TYPE = YES_ERROR;
				GCC_WARN_UNDECLARED_SELECTOR = YES;
				GCC_WARN_UNINITIALIZED_AUTOS = YES_AGGRESSIVE;
				GCC_WARN_UNUSED_FUNCTION = YES;
				GCC_WARN_UNUSED_VARIABLE = YES;
				MACOSX_DEPLOYMENT_TARGET = 10.11;
				MTL_ENABLE_DEBUG_INFO = YES;
				ONLY_ACTIVE_ARCH = YES;
				SDKROOT = macosx;
			};
			name = Debug;
		};
		965FD3981C6A8765000899AD /* Release */ = {
			isa = XCBuildConfiguration;
			buildSettings = {
				ALWAYS_SEARCH_USER_PATHS = NO;
				CLANG_CXX_LANGUAGE_STANDARD = "gnu++0x";
				CLANG_CXX_LIBRARY = "libc++";
				CLANG_ENABLE_MODULES = YES;
				CLANG_ENABLE_OBJC_ARC = YES;
				CLANG_WARN_BOOL_CONVERSION = YES;
				CLANG_WARN_CONSTANT_CONVERSION = YES;
				CLANG_WARN_DIRECT_OBJC_ISA_USAGE = YES_ERROR;
				CLANG_WARN_EMPTY_BODY = YES;
				CLANG_WARN_ENUM_CONVERSION = YES;
				CLANG_WARN_INT_CONVERSION = YES;
				CLANG_WARN_OBJC_ROOT_CLASS = YES_ERROR;
				CLANG_WARN_UNREACHABLE_CODE = YES;
				CLANG_WARN__DUPLICATE_METHOD_MATCH = YES;
				CODE_SIGN_IDENTITY = "-";
				COPY_PHASE_STRIP = NO;
				DEBUG_INFORMATION_FORMAT = "dwarf-with-dsym";
				ENABLE_NS_ASSERTIONS = NO;
				ENABLE_STRICT_OBJC_MSGSEND = YES;
				GCC_C_LANGUAGE_STANDARD = gnu99;
				GCC_NO_COMMON_BLOCKS = YES;
				GCC_WARN_64_TO_32_BIT_CONVERSION = YES;
				GCC_WARN_ABOUT_RETURN_TYPE = YES_ERROR;
				GCC_WARN_UNDECLARED_SELECTOR = YES;
				GCC_WARN_UNINITIALIZED_AUTOS = YES_AGGRESSIVE;
				GCC_WARN_UNUSED_FUNCTION = YES;
				GCC_WARN_UNUSED_VARIABLE = YES;
				MACOSX_DEPLOYMENT_TARGET = 10.11;
				MTL_ENABLE_DEBUG_INFO = NO;
				SDKROOT = macosx;
			};
			name = Release;
		};
		965FD39A1C6A8765000899AD /* Debug */ = {
			isa = XCBuildConfiguration;
			buildSettings = {
				PRODUCT_NAME = "$(TARGET_NAME)";
			};
			name = Debug;
		};
		965FD39B1C6A8765000899AD /* Release */ = {
			isa = XCBuildConfiguration;
			buildSettings = {
				PRODUCT_NAME = "$(TARGET_NAME)";
			};
			name = Release;
		};
/* End XCBuildConfiguration section */

/* Begin XCConfigurationList section */
		965FD38D1C6A8765000899AD /* Build configuration list for PBXProject "CS402Warmup2" */ = {
			isa = XCConfigurationList;
			buildConfigurations = (
				965FD3971C6A8765000899AD /* Debug */,
				965FD3981C6A8765000899AD /* Release */,
			);
			defaultConfigurationIsVisible = 0;
			defaultConfigurationName = Release;
		};
		965FD3991C6A8765000899AD /* Build configuration list for PBXNativeTarget "CS402Warmup2" */ = {
			isa = XCConfigurationList;
			buildConfigurations = (
				965FD39A1C6A8765000899AD /* Debug */,
				965FD39B1C6A8765000899AD /* Release */,
			);
			defaultConfigurationIsVisible = 0;
		};
/* End XCConfigurationList section */
	};
	rootObject = 965FD38A1C6A8765000899AD /* Project object */;
}
